
Microsoft Visual Studio Solution File, Format Version 12.00
# Visual Studio Version 16
VisualStudioVersion = 16.0.29926.136
MinimumVisualStudioVersion = 10.0.40219.1
Project("{FAE04EC0-301F-11D3-BF4B-00C04F79EFBC}") = "HomeWork2", "HomeWork_2\HomeWork2.csproj", "{361804E2-E228-4803-9706-0A260A74428A}"
EndProject
Global
	GlobalSection(SolutionConfigurationPlatforms) = preSolution
		Debug|Any CPU = Debug|Any CPU
		Release|Any CPU = Release|Any CPU
	EndGlobalSection
	GlobalSection(ProjectConfigurationPlatforms) = postSolution
		{361804E2-E228-4803-9706-0A260A74428A}.Debug|Any CPU.ActiveCfg = Debug|Any CPU
		{361804E2-E228-4803-9706-0A260A74428A}.Debug|Any CPU.Build.0 = Debug|Any CPU
		{361804E2-E228-4803-9706-0A260A74428A}.Release|Any CPU.ActiveCfg = Release|Any CPU
		{361804E2-E228-4803-9706-0A260A74428A}.Release|Any CPU.Build.0 = Release|Any CPU
	EndGlobalSection
	GlobalSection(SolutionProperties) = preSolution
		HideSolutionNode = FALSE
	EndGlobalSection
	GlobalSection(ExtensibilityGlobals) = postSolution
		SolutionGuid = {B9665FF3-2641-4D1C-B3D3-77600FF71D50}
	EndGlobalSection
EndGlobal
